// !$*UTF8*$!
{
	archiveVersion = 1;
	classes = {
	};
	objectVersion = 50;
	objects = {

/* Begin PBXBuildFile section */
		9544CFD622CA0238003D1676 /* profileJoinedCollectionViewCell.swift in Sources */ = {isa = PBXBuildFile; fileRef = 9544CFD522CA0238003D1676 /* profileJoinedCollectionViewCell.swift */; };
		9544CFD822CA02F9003D1676 /* profileProposedCollectionViewCell.swift in Sources */ = {isa = PBXBuildFile; fileRef = 9544CFD722CA02F9003D1676 /* profileProposedCollectionViewCell.swift */; };
		9544CFDA22CA0403003D1676 /* profileFavoriteCollectionViewCell.swift in Sources */ = {isa = PBXBuildFile; fileRef = 9544CFD922CA0403003D1676 /* profileFavoriteCollectionViewCell.swift */; };
		9544CFDC22CA049C003D1676 /* profileLikedCollectionViewCell.swift in Sources */ = {isa = PBXBuildFile; fileRef = 9544CFDB22CA049C003D1676 /* profileLikedCollectionViewCell.swift */; };
		9544CFE022CA39ED003D1676 /* SliderViewController.xib in Resources */ = {isa = PBXBuildFile; fileRef = 9544CFDF22CA39ED003D1676 /* SliderViewController.xib */; };
		C74F16DE22C612E70009F809 /* User.swift in Sources */ = {isa = PBXBuildFile; fileRef = C74F16DD22C612E70009F809 /* User.swift */; };
		C74F16ED22C61D210009F809 /* Localizable.strings in Resources */ = {isa = PBXBuildFile; fileRef = C74F16EF22C61D210009F809 /* Localizable.strings */; };
		C74F174122CA14130009F809 /* SliderViewController.swift in Sources */ = {isa = PBXBuildFile; fileRef = C74F174022CA14130009F809 /* SliderViewController.swift */; };
		FC50398622C6122B005E8209 /* Activity.swift in Sources */ = {isa = PBXBuildFile; fileRef = FC50398522C6122B005E8209 /* Activity.swift */; };
		FC50398822C61547005E8209 /* InscriptionActivity.swift in Sources */ = {isa = PBXBuildFile; fileRef = FC50398722C61547005E8209 /* InscriptionActivity.swift */; };
		FC50398A22C6158E005E8209 /* FavoritesActivity.swift in Sources */ = {isa = PBXBuildFile; fileRef = FC50398922C6158E005E8209 /* FavoritesActivity.swift */; };
		FC50398D22C63B17005E8209 /* ShowActivityViewController.swift in Sources */ = {isa = PBXBuildFile; fileRef = FC50398C22C63B17005E8209 /* ShowActivityViewController.swift */; };
		FC5C77AB22C5FD8800712C32 /* AppDelegate.swift in Sources */ = {isa = PBXBuildFile; fileRef = FC5C77AA22C5FD8800712C32 /* AppDelegate.swift */; };
		FC5C77AD22C5FD8800712C32 /* LoginViewController.swift in Sources */ = {isa = PBXBuildFile; fileRef = FC5C77AC22C5FD8800712C32 /* LoginViewController.swift */; };
		FC5C77B022C5FD8800712C32 /* Main.storyboard in Resources */ = {isa = PBXBuildFile; fileRef = FC5C77AE22C5FD8800712C32 /* Main.storyboard */; };
		FC5C77B222C5FD8800712C32 /* Assets.xcassets in Resources */ = {isa = PBXBuildFile; fileRef = FC5C77B122C5FD8800712C32 /* Assets.xcassets */; };
		FC5C77B522C5FD8800712C32 /* LaunchScreen.storyboard in Resources */ = {isa = PBXBuildFile; fileRef = FC5C77B322C5FD8800712C32 /* LaunchScreen.storyboard */; };
		FC5C77C022C5FD8800712C32 /* TripHuntersTests.swift in Sources */ = {isa = PBXBuildFile; fileRef = FC5C77BF22C5FD8800712C32 /* TripHuntersTests.swift */; };
		FC5C77CB22C5FD8800712C32 /* TripHuntersUITests.swift in Sources */ = {isa = PBXBuildFile; fileRef = FC5C77CA22C5FD8800712C32 /* TripHuntersUITests.swift */; };
		FC5C77DD22C6056F00712C32 /* DecouvrirViewController.swift in Sources */ = {isa = PBXBuildFile; fileRef = FC5C77DC22C6056F00712C32 /* DecouvrirViewController.swift */; };
		FC5C77DF22C6057F00712C32 /* ProfilViewController.swift in Sources */ = {isa = PBXBuildFile; fileRef = FC5C77DE22C6057F00712C32 /* ProfilViewController.swift */; };
		FC5C77E122C6059000712C32 /* ProposerViewController.swift in Sources */ = {isa = PBXBuildFile; fileRef = FC5C77E022C6059000712C32 /* ProposerViewController.swift */; };
		FC772E1722C84684008C67D6 /* Comment.swift in Sources */ = {isa = PBXBuildFile; fileRef = FC772E1622C84684008C67D6 /* Comment.swift */; };
		FC772E1922C8BAA2008C67D6 /* Like.swift in Sources */ = {isa = PBXBuildFile; fileRef = FC772E1822C8BAA2008C67D6 /* Like.swift */; };
/* End PBXBuildFile section */

/* Begin PBXContainerItemProxy section */
		FC5C77BC22C5FD8800712C32 /* PBXContainerItemProxy */ = {
			isa = PBXContainerItemProxy;
			containerPortal = FC5C779F22C5FD8800712C32 /* Project object */;
			proxyType = 1;
			remoteGlobalIDString = FC5C77A622C5FD8800712C32;
			remoteInfo = TripHunters;
		};
		FC5C77C722C5FD8800712C32 /* PBXContainerItemProxy */ = {
			isa = PBXContainerItemProxy;
			containerPortal = FC5C779F22C5FD8800712C32 /* Project object */;
			proxyType = 1;
			remoteGlobalIDString = FC5C77A622C5FD8800712C32;
			remoteInfo = TripHunters;
		};
/* End PBXContainerItemProxy section */

/* Begin PBXFileReference section */
		9544CFD522CA0238003D1676 /* profileJoinedCollectionViewCell.swift */ = {isa = PBXFileReference; lastKnownFileType = sourcecode.swift; path = profileJoinedCollectionViewCell.swift; sourceTree = "<group>"; };
		9544CFD722CA02F9003D1676 /* profileProposedCollectionViewCell.swift */ = {isa = PBXFileReference; lastKnownFileType = sourcecode.swift; path = profileProposedCollectionViewCell.swift; sourceTree = "<group>"; };
		9544CFD922CA0403003D1676 /* profileFavoriteCollectionViewCell.swift */ = {isa = PBXFileReference; lastKnownFileType = sourcecode.swift; path = profileFavoriteCollectionViewCell.swift; sourceTree = "<group>"; };
		9544CFDB22CA049C003D1676 /* profileLikedCollectionViewCell.swift */ = {isa = PBXFileReference; lastKnownFileType = sourcecode.swift; path = profileLikedCollectionViewCell.swift; sourceTree = "<group>"; };
		9544CFDF22CA39ED003D1676 /* SliderViewController.xib */ = {isa = PBXFileReference; lastKnownFileType = file.xib; name = SliderViewController.xib; path = Controller/SliderViewController.xib; sourceTree = "<group>"; };
		C74F16DD22C612E70009F809 /* User.swift */ = {isa = PBXFileReference; lastKnownFileType = sourcecode.swift; path = User.swift; sourceTree = "<group>"; };
		C74F16E922C61C690009F809 /* fr */ = {isa = PBXFileReference; lastKnownFileType = text.plist.strings; name = fr; path = fr.lproj/Main.strings; sourceTree = "<group>"; };
		C74F16EA22C61C690009F809 /* fr */ = {isa = PBXFileReference; lastKnownFileType = text.plist.strings; name = fr; path = fr.lproj/LaunchScreen.strings; sourceTree = "<group>"; };
		C74F16EE22C61D210009F809 /* en */ = {isa = PBXFileReference; lastKnownFileType = text.plist.strings; name = en; path = en.lproj/Localizable.strings; sourceTree = "<group>"; };
		C74F16F022C61D250009F809 /* fr */ = {isa = PBXFileReference; lastKnownFileType = text.plist.strings; name = fr; path = fr.lproj/Localizable.strings; sourceTree = "<group>"; };
		C74F173E22CA10500009F809 /* SliderViewController.xib */ = {isa = PBXFileReference; lastKnownFileType = file.xib; name = SliderViewController.xib; path = /Users/kersa/Documents/triphunters/Controller/SliderViewController.xib; sourceTree = "<absolute>"; };
		C74F174022CA14130009F809 /* SliderViewController.swift */ = {isa = PBXFileReference; lastKnownFileType = sourcecode.swift; path = SliderViewController.swift; sourceTree = "<group>"; };
		FC50398522C6122B005E8209 /* Activity.swift */ = {isa = PBXFileReference; lastKnownFileType = sourcecode.swift; path = Activity.swift; sourceTree = "<group>"; };
		FC50398722C61547005E8209 /* InscriptionActivity.swift */ = {isa = PBXFileReference; lastKnownFileType = sourcecode.swift; path = InscriptionActivity.swift; sourceTree = "<group>"; };
		FC50398922C6158E005E8209 /* FavoritesActivity.swift */ = {isa = PBXFileReference; lastKnownFileType = sourcecode.swift; path = FavoritesActivity.swift; sourceTree = "<group>"; };
		FC50398C22C63B17005E8209 /* ShowActivityViewController.swift */ = {isa = PBXFileReference; lastKnownFileType = sourcecode.swift; path = ShowActivityViewController.swift; sourceTree = "<group>"; };
		FC5C77A722C5FD8800712C32 /* TripHunters.app */ = {isa = PBXFileReference; explicitFileType = wrapper.application; includeInIndex = 0; path = TripHunters.app; sourceTree = BUILT_PRODUCTS_DIR; };
		FC5C77AA22C5FD8800712C32 /* AppDelegate.swift */ = {isa = PBXFileReference; lastKnownFileType = sourcecode.swift; path = AppDelegate.swift; sourceTree = "<group>"; };
		FC5C77AC22C5FD8800712C32 /* LoginViewController.swift */ = {isa = PBXFileReference; lastKnownFileType = sourcecode.swift; path = LoginViewController.swift; sourceTree = "<group>"; };
		FC5C77AF22C5FD8800712C32 /* Base */ = {isa = PBXFileReference; lastKnownFileType = file.storyboard; name = Base; path = Base.lproj/Main.storyboard; sourceTree = "<group>"; };
		FC5C77B122C5FD8800712C32 /* Assets.xcassets */ = {isa = PBXFileReference; lastKnownFileType = folder.assetcatalog; path = Assets.xcassets; sourceTree = "<group>"; };
		FC5C77B422C5FD8800712C32 /* Base */ = {isa = PBXFileReference; lastKnownFileType = file.storyboard; name = Base; path = Base.lproj/LaunchScreen.storyboard; sourceTree = "<group>"; };
		FC5C77B622C5FD8800712C32 /* Info.plist */ = {isa = PBXFileReference; lastKnownFileType = text.plist.xml; path = Info.plist; sourceTree = "<group>"; };
		FC5C77BB22C5FD8800712C32 /* TripHuntersTests.xctest */ = {isa = PBXFileReference; explicitFileType = wrapper.cfbundle; includeInIndex = 0; path = TripHuntersTests.xctest; sourceTree = BUILT_PRODUCTS_DIR; };
		FC5C77BF22C5FD8800712C32 /* TripHuntersTests.swift */ = {isa = PBXFileReference; lastKnownFileType = sourcecode.swift; path = TripHuntersTests.swift; sourceTree = "<group>"; };
		FC5C77C122C5FD8800712C32 /* Info.plist */ = {isa = PBXFileReference; lastKnownFileType = text.plist.xml; path = Info.plist; sourceTree = "<group>"; };
		FC5C77C622C5FD8800712C32 /* TripHuntersUITests.xctest */ = {isa = PBXFileReference; explicitFileType = wrapper.cfbundle; includeInIndex = 0; path = TripHuntersUITests.xctest; sourceTree = BUILT_PRODUCTS_DIR; };
		FC5C77CA22C5FD8800712C32 /* TripHuntersUITests.swift */ = {isa = PBXFileReference; lastKnownFileType = sourcecode.swift; path = TripHuntersUITests.swift; sourceTree = "<group>"; };
		FC5C77CC22C5FD8800712C32 /* Info.plist */ = {isa = PBXFileReference; lastKnownFileType = text.plist.xml; path = Info.plist; sourceTree = "<group>"; };
		FC5C77DC22C6056F00712C32 /* DecouvrirViewController.swift */ = {isa = PBXFileReference; lastKnownFileType = sourcecode.swift; name = DecouvrirViewController.swift; path = Controller/DecouvrirViewController.swift; sourceTree = SOURCE_ROOT; };
		FC5C77DE22C6057F00712C32 /* ProfilViewController.swift */ = {isa = PBXFileReference; lastKnownFileType = sourcecode.swift; path = ProfilViewController.swift; sourceTree = "<group>"; };
		FC5C77E022C6059000712C32 /* ProposerViewController.swift */ = {isa = PBXFileReference; lastKnownFileType = sourcecode.swift; path = ProposerViewController.swift; sourceTree = "<group>"; };
		FC772E1622C84684008C67D6 /* Comment.swift */ = {isa = PBXFileReference; lastKnownFileType = sourcecode.swift; path = Comment.swift; sourceTree = "<group>"; };
		FC772E1822C8BAA2008C67D6 /* Like.swift */ = {isa = PBXFileReference; lastKnownFileType = sourcecode.swift; path = Like.swift; sourceTree = "<group>"; };
/* End PBXFileReference section */

/* Begin PBXFrameworksBuildPhase section */
		FC5C77A422C5FD8800712C32 /* Frameworks */ = {
			isa = PBXFrameworksBuildPhase;
			buildActionMask = 2147483647;
			files = (
			);
			runOnlyForDeploymentPostprocessing = 0;
		};
		FC5C77B822C5FD8800712C32 /* Frameworks */ = {
			isa = PBXFrameworksBuildPhase;
			buildActionMask = 2147483647;
			files = (
			);
			runOnlyForDeploymentPostprocessing = 0;
		};
		FC5C77C322C5FD8800712C32 /* Frameworks */ = {
			isa = PBXFrameworksBuildPhase;
			buildActionMask = 2147483647;
			files = (
			);
			runOnlyForDeploymentPostprocessing = 0;
		};
/* End PBXFrameworksBuildPhase section */

/* Begin PBXGroup section */
		FC50398422C61213005E8209 /* Models */ = {
			isa = PBXGroup;
			children = (
				FC50398522C6122B005E8209 /* Activity.swift */,
				C74F16DD22C612E70009F809 /* User.swift */,
				FC50398722C61547005E8209 /* InscriptionActivity.swift */,
				FC50398922C6158E005E8209 /* FavoritesActivity.swift */,
				FC772E1622C84684008C67D6 /* Comment.swift */,
				FC772E1822C8BAA2008C67D6 /* Like.swift */,
			);
			path = Models;
			sourceTree = "<group>";
		};
		FC5C779E22C5FD8800712C32 = {
			isa = PBXGroup;
			children = (
				9544CFDF22CA39ED003D1676 /* SliderViewController.xib */,
				C74F16EF22C61D210009F809 /* Localizable.strings */,
				FC50398422C61213005E8209 /* Models */,
				FC5C77DB22C5FDC100712C32 /* Assets */,
				FC5C77DA22C5FDB400712C32 /* Controller */,
				FC5C77D922C5FDAF00712C32 /* View */,
				FC5C77A922C5FD8800712C32 /* TripHunters */,
				FC5C77BE22C5FD8800712C32 /* TripHuntersTests */,
				FC5C77C922C5FD8800712C32 /* TripHuntersUITests */,
				FC5C77A822C5FD8800712C32 /* Products */,
			);
			sourceTree = "<group>";
		};
		FC5C77A822C5FD8800712C32 /* Products */ = {
			isa = PBXGroup;
			children = (
				FC5C77A722C5FD8800712C32 /* TripHunters.app */,
				FC5C77BB22C5FD8800712C32 /* TripHuntersTests.xctest */,
				FC5C77C622C5FD8800712C32 /* TripHuntersUITests.xctest */,
			);
			name = Products;
			sourceTree = "<group>";
		};
		FC5C77A922C5FD8800712C32 /* TripHunters */ = {
			isa = PBXGroup;
			children = (
				FC5C77B322C5FD8800712C32 /* LaunchScreen.storyboard */,
				FC5C77AA22C5FD8800712C32 /* AppDelegate.swift */,
				FC5C77B622C5FD8800712C32 /* Info.plist */,
			);
			path = TripHunters;
			sourceTree = "<group>";
		};
		FC5C77BE22C5FD8800712C32 /* TripHuntersTests */ = {
			isa = PBXGroup;
			children = (
				FC5C77BF22C5FD8800712C32 /* TripHuntersTests.swift */,
				FC5C77C122C5FD8800712C32 /* Info.plist */,
			);
			path = TripHuntersTests;
			sourceTree = "<group>";
		};
		FC5C77C922C5FD8800712C32 /* TripHuntersUITests */ = {
			isa = PBXGroup;
			children = (
				FC5C77CA22C5FD8800712C32 /* TripHuntersUITests.swift */,
				FC5C77CC22C5FD8800712C32 /* Info.plist */,
			);
			path = TripHuntersUITests;
			sourceTree = "<group>";
		};
		FC5C77D922C5FDAF00712C32 /* View */ = {
			isa = PBXGroup;
			children = (
				FC5C77AE22C5FD8800712C32 /* Main.storyboard */,
				9544CFD722CA02F9003D1676 /* profileProposedCollectionViewCell.swift */,
				9544CFD522CA0238003D1676 /* profileJoinedCollectionViewCell.swift */,
				9544CFD922CA0403003D1676 /* profileFavoriteCollectionViewCell.swift */,
				9544CFDB22CA049C003D1676 /* profileLikedCollectionViewCell.swift */,
			);
			path = View;
			sourceTree = "<group>";
		};
		FC5C77DA22C5FDB400712C32 /* Controller */ = {
			isa = PBXGroup;
			children = (
				C74F174022CA14130009F809 /* SliderViewController.swift */,
				C74F173E22CA10500009F809 /* SliderViewController.xib */,
				FC5C77AC22C5FD8800712C32 /* LoginViewController.swift */,
				FC5C77DC22C6056F00712C32 /* DecouvrirViewController.swift */,
				FC5C77DE22C6057F00712C32 /* ProfilViewController.swift */,
				FC5C77E022C6059000712C32 /* ProposerViewController.swift */,
				FC50398C22C63B17005E8209 /* ShowActivityViewController.swift */,
			);
			path = Controller;
			sourceTree = "<group>";
		};
		FC5C77DB22C5FDC100712C32 /* Assets */ = {
			isa = PBXGroup;
			children = (
				FC5C77B122C5FD8800712C32 /* Assets.xcassets */,
			);
			path = Assets;
			sourceTree = "<group>";
		};
/* End PBXGroup section */

/* Begin PBXNativeTarget section */
		FC5C77A622C5FD8800712C32 /* TripHunters */ = {
			isa = PBXNativeTarget;
			buildConfigurationList = FC5C77CF22C5FD8800712C32 /* Build configuration list for PBXNativeTarget "TripHunters" */;
			buildPhases = (
				FC5C77A322C5FD8800712C32 /* Sources */,
				FC5C77A422C5FD8800712C32 /* Frameworks */,
				FC5C77A522C5FD8800712C32 /* Resources */,
			);
			buildRules = (
			);
			dependencies = (
			);
			name = TripHunters;
			productName = TripHunters;
			productReference = FC5C77A722C5FD8800712C32 /* TripHunters.app */;
			productType = "com.apple.product-type.application";
		};
		FC5C77BA22C5FD8800712C32 /* TripHuntersTests */ = {
			isa = PBXNativeTarget;
			buildConfigurationList = FC5C77D222C5FD8800712C32 /* Build configuration list for PBXNativeTarget "TripHuntersTests" */;
			buildPhases = (
				FC5C77B722C5FD8800712C32 /* Sources */,
				FC5C77B822C5FD8800712C32 /* Frameworks */,
				FC5C77B922C5FD8800712C32 /* Resources */,
			);
			buildRules = (
			);
			dependencies = (
				FC5C77BD22C5FD8800712C32 /* PBXTargetDependency */,
			);
			name = TripHuntersTests;
			productName = TripHuntersTests;
			productReference = FC5C77BB22C5FD8800712C32 /* TripHuntersTests.xctest */;
			productType = "com.apple.product-type.bundle.unit-test";
		};
		FC5C77C522C5FD8800712C32 /* TripHuntersUITests */ = {
			isa = PBXNativeTarget;
			buildConfigurationList = FC5C77D522C5FD8800712C32 /* Build configuration list for PBXNativeTarget "TripHuntersUITests" */;
			buildPhases = (
				FC5C77C222C5FD8800712C32 /* Sources */,
				FC5C77C322C5FD8800712C32 /* Frameworks */,
				FC5C77C422C5FD8800712C32 /* Resources */,
			);
			buildRules = (
			);
			dependencies = (
				FC5C77C822C5FD8800712C32 /* PBXTargetDependency */,
			);
			name = TripHuntersUITests;
			productName = TripHuntersUITests;
			productReference = FC5C77C622C5FD8800712C32 /* TripHuntersUITests.xctest */;
			productType = "com.apple.product-type.bundle.ui-testing";
		};
/* End PBXNativeTarget section */

/* Begin PBXProject section */
		FC5C779F22C5FD8800712C32 /* Project object */ = {
			isa = PBXProject;
			attributes = {
				LastSwiftUpdateCheck = 1020;
				LastUpgradeCheck = 1020;
				ORGANIZATIONNAME = "oscar Amzalag";
				TargetAttributes = {
					FC5C77A622C5FD8800712C32 = {
						CreatedOnToolsVersion = 10.2.1;
					};
					FC5C77BA22C5FD8800712C32 = {
						CreatedOnToolsVersion = 10.2.1;
						TestTargetID = FC5C77A622C5FD8800712C32;
					};
					FC5C77C522C5FD8800712C32 = {
						CreatedOnToolsVersion = 10.2.1;
						TestTargetID = FC5C77A622C5FD8800712C32;
					};
				};
			};
			buildConfigurationList = FC5C77A222C5FD8800712C32 /* Build configuration list for PBXProject "TripHunters" */;
			compatibilityVersion = "Xcode 9.3";
			developmentRegion = en;
			hasScannedForEncodings = 0;
			knownRegions = (
				en,
				Base,
				fr,
			);
			mainGroup = FC5C779E22C5FD8800712C32;
			productRefGroup = FC5C77A822C5FD8800712C32 /* Products */;
			projectDirPath = "";
			projectRoot = "";
			targets = (
				FC5C77A622C5FD8800712C32 /* TripHunters */,
				FC5C77BA22C5FD8800712C32 /* TripHuntersTests */,
				FC5C77C522C5FD8800712C32 /* TripHuntersUITests */,
			);
		};
/* End PBXProject section */

/* Begin PBXResourcesBuildPhase section */
		FC5C77A522C5FD8800712C32 /* Resources */ = {
			isa = PBXResourcesBuildPhase;
			buildActionMask = 2147483647;
			files = (
				9544CFE022CA39ED003D1676 /* SliderViewController.xib in Resources */,
				FC5C77B522C5FD8800712C32 /* LaunchScreen.storyboard in Resources */,
				C74F16ED22C61D210009F809 /* Localizable.strings in Resources */,
				FC5C77B222C5FD8800712C32 /* Assets.xcassets in Resources */,
				FC5C77B022C5FD8800712C32 /* Main.storyboard in Resources */,
			);
			runOnlyForDeploymentPostprocessing = 0;
		};
		FC5C77B922C5FD8800712C32 /* Resources */ = {
			isa = PBXResourcesBuildPhase;
			buildActionMask = 2147483647;
			files = (
			);
			runOnlyForDeploymentPostprocessing = 0;
		};
		FC5C77C422C5FD8800712C32 /* Resources */ = {
			isa = PBXResourcesBuildPhase;
			buildActionMask = 2147483647;
			files = (
			);
			runOnlyForDeploymentPostprocessing = 0;
		};
/* End PBXResourcesBuildPhase section */

/* Begin PBXSourcesBuildPhase section */
		FC5C77A322C5FD8800712C32 /* Sources */ = {
			isa = PBXSourcesBuildPhase;
			buildActionMask = 2147483647;
			files = (
				9544CFDC22CA049C003D1676 /* profileLikedCollectionViewCell.swift in Sources */,
				FC50398A22C6158E005E8209 /* FavoritesActivity.swift in Sources */,
				C74F174122CA14130009F809 /* SliderViewController.swift in Sources */,
				FC50398622C6122B005E8209 /* Activity.swift in Sources */,
				FC5C77E122C6059000712C32 /* ProposerViewController.swift in Sources */,
				9544CFD622CA0238003D1676 /* profileJoinedCollectionViewCell.swift in Sources */,
				FC5C77DF22C6057F00712C32 /* ProfilViewController.swift in Sources */,
				FC50398822C61547005E8209 /* InscriptionActivity.swift in Sources */,
				FC5C77DD22C6056F00712C32 /* DecouvrirViewController.swift in Sources */,
				FC772E1922C8BAA2008C67D6 /* Like.swift in Sources */,
				FC5C77AD22C5FD8800712C32 /* LoginViewController.swift in Sources */,
				FC5C77AB22C5FD8800712C32 /* AppDelegate.swift in Sources */,
				9544CFD822CA02F9003D1676 /* profileProposedCollectionViewCell.swift in Sources */,
				9544CFDA22CA0403003D1676 /* profileFavoriteCollectionViewCell.swift in Sources */,
				FC50398D22C63B17005E8209 /* ShowActivityViewController.swift in Sources */,
				FC772E1722C84684008C67D6 /* Comment.swift in Sources */,
				C74F16DE22C612E70009F809 /* User.swift in Sources */,
			);
			runOnlyForDeploymentPostprocessing = 0;
		};
		FC5C77B722C5FD8800712C32 /* Sources */ = {
			isa = PBXSourcesBuildPhase;
			buildActionMask = 2147483647;
			files = (
				FC5C77C022C5FD8800712C32 /* TripHuntersTests.swift in Sources */,
			);
			runOnlyForDeploymentPostprocessing = 0;
		};
		FC5C77C222C5FD8800712C32 /* Sources */ = {
			isa = PBXSourcesBuildPhase;
			buildActionMask = 2147483647;
			files = (
				FC5C77CB22C5FD8800712C32 /* TripHuntersUITests.swift in Sources */,
			);
			runOnlyForDeploymentPostprocessing = 0;
		};
/* End PBXSourcesBuildPhase section */

/* Begin PBXTargetDependency section */
		FC5C77BD22C5FD8800712C32 /* PBXTargetDependency */ = {
			isa = PBXTargetDependency;
			target = FC5C77A622C5FD8800712C32 /* TripHunters */;
			targetProxy = FC5C77BC22C5FD8800712C32 /* PBXContainerItemProxy */;
		};
		FC5C77C822C5FD8800712C32 /* PBXTargetDependency */ = {
			isa = PBXTargetDependency;
			target = FC5C77A622C5FD8800712C32 /* TripHunters */;
			targetProxy = FC5C77C722C5FD8800712C32 /* PBXContainerItemProxy */;
		};
/* End PBXTargetDependency section */

/* Begin PBXVariantGroup section */
		C74F16EF22C61D210009F809 /* Localizable.strings */ = {
			isa = PBXVariantGroup;
			children = (
				C74F16EE22C61D210009F809 /* en */,
				C74F16F022C61D250009F809 /* fr */,
			);
			name = Localizable.strings;
			sourceTree = "<group>";
		};
		FC5C77AE22C5FD8800712C32 /* Main.storyboard */ = {
			isa = PBXVariantGroup;
			children = (
				FC5C77AF22C5FD8800712C32 /* Base */,
				C74F16E922C61C690009F809 /* fr */,
			);
			name = Main.storyboard;
			sourceTree = "<group>";
		};
		FC5C77B322C5FD8800712C32 /* LaunchScreen.storyboard */ = {
			isa = PBXVariantGroup;
			children = (
				FC5C77B422C5FD8800712C32 /* Base */,
				C74F16EA22C61C690009F809 /* fr */,
			);
			name = LaunchScreen.storyboard;
			sourceTree = "<group>";
		};
/* End PBXVariantGroup section */

/* Begin XCBuildConfiguration section */
		FC5C77CD22C5FD8800712C32 /* Debug */ = {
			isa = XCBuildConfiguration;
			buildSettings = {
				ALWAYS_SEARCH_USER_PATHS = NO;
				CLANG_ANALYZER_LOCALIZABILITY_NONLOCALIZED = YES;
				CLANG_ANALYZER_NONNULL = YES;
				CLANG_ANALYZER_NUMBER_OBJECT_CONVERSION = YES_AGGRESSIVE;
				CLANG_CXX_LANGUAGE_STANDARD = "gnu++14";
				CLANG_CXX_LIBRARY = "libc++";
				CLANG_ENABLE_MODULES = YES;
				CLANG_ENABLE_OBJC_ARC = YES;
				CLANG_ENABLE_OBJC_WEAK = YES;
				CLANG_WARN_BLOCK_CAPTURE_AUTORELEASING = YES;
				CLANG_WARN_BOOL_CONVERSION = YES;
				CLANG_WARN_COMMA = YES;
				CLANG_WARN_CONSTANT_CONVERSION = YES;
				CLANG_WARN_DEPRECATED_OBJC_IMPLEMENTATIONS = YES;
				CLANG_WARN_DIRECT_OBJC_ISA_USAGE = YES_ERROR;
				CLANG_WARN_DOCUMENTATION_COMMENTS = YES;
				CLANG_WARN_EMPTY_BODY = YES;
				CLANG_WARN_ENUM_CONVERSION = YES;
				CLANG_WARN_INFINITE_RECURSION = YES;
				CLANG_WARN_INT_CONVERSION = YES;
				CLANG_WARN_NON_LITERAL_NULL_CONVERSION = YES;
				CLANG_WARN_OBJC_IMPLICIT_RETAIN_SELF = YES;
				CLANG_WARN_OBJC_LITERAL_CONVERSION = YES;
				CLANG_WARN_OBJC_ROOT_CLASS = YES_ERROR;
				CLANG_WARN_RANGE_LOOP_ANALYSIS = YES;
				CLANG_WARN_STRICT_PROTOTYPES = YES;
				CLANG_WARN_SUSPICIOUS_MOVE = YES;
				CLANG_WARN_UNGUARDED_AVAILABILITY = YES_AGGRESSIVE;
				CLANG_WARN_UNREACHABLE_CODE = YES;
				CLANG_WARN__DUPLICATE_METHOD_MATCH = YES;
				CODE_SIGN_IDENTITY = "iPhone Developer";
				COPY_PHASE_STRIP = NO;
				DEBUG_INFORMATION_FORMAT = dwarf;
				ENABLE_STRICT_OBJC_MSGSEND = YES;
				ENABLE_TESTABILITY = YES;
				GCC_C_LANGUAGE_STANDARD = gnu11;
				GCC_DYNAMIC_NO_PIC = NO;
				GCC_NO_COMMON_BLOCKS = YES;
				GCC_OPTIMIZATION_LEVEL = 0;
				GCC_PREPROCESSOR_DEFINITIONS = (
					"DEBUG=1",
					"$(inherited)",
				);
				GCC_WARN_64_TO_32_BIT_CONVERSION = YES;
				GCC_WARN_ABOUT_RETURN_TYPE = YES_ERROR;
				GCC_WARN_UNDECLARED_SELECTOR = YES;
				GCC_WARN_UNINITIALIZED_AUTOS = YES_AGGRESSIVE;
				GCC_WARN_UNUSED_FUNCTION = YES;
				GCC_WARN_UNUSED_VARIABLE = YES;
				IPHONEOS_DEPLOYMENT_TARGET = 12.2;
				MTL_ENABLE_DEBUG_INFO = INCLUDE_SOURCE;
				MTL_FAST_MATH = YES;
				ONLY_ACTIVE_ARCH = YES;
				SDKROOT = iphoneos;
				SWIFT_ACTIVE_COMPILATION_CONDITIONS = DEBUG;
				SWIFT_OPTIMIZATION_LEVEL = "-Onone";
			};
			name = Debug;
		};
		FC5C77CE22C5FD8800712C32 /* Release */ = {
			isa = XCBuildConfiguration;
			buildSettings = {
				ALWAYS_SEARCH_USER_PATHS = NO;
				CLANG_ANALYZER_LOCALIZABILITY_NONLOCALIZED = YES;
				CLANG_ANALYZER_NONNULL = YES;
				CLANG_ANALYZER_NUMBER_OBJECT_CONVERSION = YES_AGGRESSIVE;
				CLANG_CXX_LANGUAGE_STANDARD = "gnu++14";
				CLANG_CXX_LIBRARY = "libc++";
				CLANG_ENABLE_MODULES = YES;
				CLANG_ENABLE_OBJC_ARC = YES;
				CLANG_ENABLE_OBJC_WEAK = YES;
				CLANG_WARN_BLOCK_CAPTURE_AUTORELEASING = YES;
				CLANG_WARN_BOOL_CONVERSION = YES;
				CLANG_WARN_COMMA = YES;
				CLANG_WARN_CONSTANT_CONVERSION = YES;
				CLANG_WARN_DEPRECATED_OBJC_IMPLEMENTATIONS = YES;
				CLANG_WARN_DIRECT_OBJC_ISA_USAGE = YES_ERROR;
				CLANG_WARN_DOCUMENTATION_COMMENTS = YES;
				CLANG_WARN_EMPTY_BODY = YES;
				CLANG_WARN_ENUM_CONVERSION = YES;
				CLANG_WARN_INFINITE_RECURSION = YES;
				CLANG_WARN_INT_CONVERSION = YES;
				CLANG_WARN_NON_LITERAL_NULL_CONVERSION = YES;
				CLANG_WARN_OBJC_IMPLICIT_RETAIN_SELF = YES;
				CLANG_WARN_OBJC_LITERAL_CONVERSION = YES;
				CLANG_WARN_OBJC_ROOT_CLASS = YES_ERROR;
				CLANG_WARN_RANGE_LOOP_ANALYSIS = YES;
				CLANG_WARN_STRICT_PROTOTYPES = YES;
				CLANG_WARN_SUSPICIOUS_MOVE = YES;
				CLANG_WARN_UNGUARDED_AVAILABILITY = YES_AGGRESSIVE;
				CLANG_WARN_UNREACHABLE_CODE = YES;
				CLANG_WARN__DUPLICATE_METHOD_MATCH = YES;
				CODE_SIGN_IDENTITY = "iPhone Developer";
				COPY_PHASE_STRIP = NO;
				DEBUG_INFORMATION_FORMAT = "dwarf-with-dsym";
				ENABLE_NS_ASSERTIONS = NO;
				ENABLE_STRICT_OBJC_MSGSEND = YES;
				GCC_C_LANGUAGE_STANDARD = gnu11;
				GCC_NO_COMMON_BLOCKS = YES;
				GCC_WARN_64_TO_32_BIT_CONVERSION = YES;
				GCC_WARN_ABOUT_RETURN_TYPE = YES_ERROR;
				GCC_WARN_UNDECLARED_SELECTOR = YES;
				GCC_WARN_UNINITIALIZED_AUTOS = YES_AGGRESSIVE;
				GCC_WARN_UNUSED_FUNCTION = YES;
				GCC_WARN_UNUSED_VARIABLE = YES;
				IPHONEOS_DEPLOYMENT_TARGET = 12.2;
				MTL_ENABLE_DEBUG_INFO = NO;
				MTL_FAST_MATH = YES;
				SDKROOT = iphoneos;
				SWIFT_COMPILATION_MODE = wholemodule;
				SWIFT_OPTIMIZATION_LEVEL = "-O";
				VALIDATE_PRODUCT = YES;
			};
			name = Release;
		};
		FC5C77D022C5FD8800712C32 /* Debug */ = {
			isa = XCBuildConfiguration;
			buildSettings = {
				ASSETCATALOG_COMPILER_APPICON_NAME = AppIcon;
				CODE_SIGN_STYLE = Automatic;
				DEVELOPMENT_TEAM = P6FCPFN549;
				INFOPLIST_FILE = TripHunters/Info.plist;
				LD_RUNPATH_SEARCH_PATHS = (
					"$(inherited)",
					"@executable_path/Frameworks",
				);
				PRODUCT_BUNDLE_IDENTIFIER = com.oscaramzalag.TripHunters;
				PRODUCT_NAME = "$(TARGET_NAME)";
				SWIFT_VERSION = 5.0;
				TARGETED_DEVICE_FAMILY = "1,2";
			};
			name = Debug;
		};
		FC5C77D122C5FD8800712C32 /* Release */ = {
			isa = XCBuildConfiguration;
			buildSettings = {
				ASSETCATALOG_COMPILER_APPICON_NAME = AppIcon;
				CODE_SIGN_STYLE = Automatic;
				DEVELOPMENT_TEAM = P6FCPFN549;
				INFOPLIST_FILE = TripHunters/Info.plist;
				LD_RUNPATH_SEARCH_PATHS = (
					"$(inherited)",
					"@executable_path/Frameworks",
				);
				PRODUCT_BUNDLE_IDENTIFIER = com.oscaramzalag.TripHunters;
				PRODUCT_NAME = "$(TARGET_NAME)";
				SWIFT_VERSION = 5.0;
				TARGETED_DEVICE_FAMILY = "1,2";
			};
			name = Release;
		};
		FC5C77D322C5FD8800712C32 /* Debug */ = {
			isa = XCBuildConfiguration;
			buildSettings = {
				ALWAYS_EMBED_SWIFT_STANDARD_LIBRARIES = YES;
				BUNDLE_LOADER = "$(TEST_HOST)";
				CODE_SIGN_STYLE = Automatic;
				DEVELOPMENT_TEAM = 5UY9F94P6V;
				INFOPLIST_FILE = TripHuntersTests/Info.plist;
				LD_RUNPATH_SEARCH_PATHS = (
					"$(inherited)",
					"@executable_path/Frameworks",
					"@loader_path/Frameworks",
				);
				PRODUCT_BUNDLE_IDENTIFIER = com.oscaramzalag.TripHuntersTests;
				PRODUCT_NAME = "$(TARGET_NAME)";
				SWIFT_VERSION = 5.0;
				TARGETED_DEVICE_FAMILY = "1,2";
				TEST_HOST = "$(BUILT_PRODUCTS_DIR)/TripHunters.app/TripHunters";
			};
			name = Debug;
		};
		FC5C77D422C5FD8800712C32 /* Release */ = {
			isa = XCBuildConfiguration;
			buildSettings = {
				ALWAYS_EMBED_SWIFT_STANDARD_LIBRARIES = YES;
				BUNDLE_LOADER = "$(TEST_HOST)";
				CODE_SIGN_STYLE = Automatic;
				DEVELOPMENT_TEAM = 5UY9F94P6V;
				INFOPLIST_FILE = TripHuntersTests/Info.plist;
				LD_RUNPATH_SEARCH_PATHS = (
					"$(inherited)",
					"@executable_path/Frameworks",
					"@loader_path/Frameworks",
				);
				PRODUCT_BUNDLE_IDENTIFIER = com.oscaramzalag.TripHuntersTests;
				PRODUCT_NAME = "$(TARGET_NAME)";
				SWIFT_VERSION = 5.0;
				TARGETED_DEVICE_FAMILY = "1,2";
				TEST_HOST = "$(BUILT_PRODUCTS_DIR)/TripHunters.app/TripHunters";
			};
			name = Release;
		};
		FC5C77D622C5FD8800712C32 /* Debug */ = {
			isa = XCBuildConfiguration;
			buildSettings = {
				ALWAYS_EMBED_SWIFT_STANDARD_LIBRARIES = YES;
				CODE_SIGN_STYLE = Automatic;
				DEVELOPMENT_TEAM = 5UY9F94P6V;
				INFOPLIST_FILE = TripHuntersUITests/Info.plist;
				LD_RUNPATH_SEARCH_PATHS = (
					"$(inherited)",
					"@executable_path/Frameworks",
					"@loader_path/Frameworks",
				);
				PRODUCT_BUNDLE_IDENTIFIER = com.oscaramzalag.TripHuntersUITests;
				PRODUCT_NAME = "$(TARGET_NAME)";
				SWIFT_VERSION = 5.0;
				TARGETED_DEVICE_FAMILY = "1,2";
				TEST_TARGET_NAME = TripHunters;
			};
			name = Debug;
		};
		FC5C77D722C5FD8800712C32 /* Release */ = {
			isa = XCBuildConfiguration;
			buildSettings = {
				ALWAYS_EMBED_SWIFT_STANDARD_LIBRARIES = YES;
				CODE_SIGN_STYLE = Automatic;
				DEVELOPMENT_TEAM = 5UY9F94P6V;
				INFOPLIST_FILE = TripHuntersUITests/Info.plist;
				LD_RUNPATH_SEARCH_PATHS = (
					"$(inherited)",
					"@executable_path/Frameworks",
					"@loader_path/Frameworks",
				);
				PRODUCT_BUNDLE_IDENTIFIER = com.oscaramzalag.TripHuntersUITests;
				PRODUCT_NAME = "$(TARGET_NAME)";
				SWIFT_VERSION = 5.0;
				TARGETED_DEVICE_FAMILY = "1,2";
				TEST_TARGET_NAME = TripHunters;
			};
			name = Release;
		};
/* End XCBuildConfiguration section */

/* Begin XCConfigurationList section */
		FC5C77A222C5FD8800712C32 /* Build configuration list for PBXProject "TripHunters" */ = {
			isa = XCConfigurationList;
			buildConfigurations = (
				FC5C77CD22C5FD8800712C32 /* Debug */,
				FC5C77CE22C5FD8800712C32 /* Release */,
			);
			defaultConfigurationIsVisible = 0;
			defaultConfigurationName = Release;
		};
		FC5C77CF22C5FD8800712C32 /* Build configuration list for PBXNativeTarget "TripHunters" */ = {
			isa = XCConfigurationList;
			buildConfigurations = (
				FC5C77D022C5FD8800712C32 /* Debug */,
				FC5C77D122C5FD8800712C32 /* Release */,
			);
			defaultConfigurationIsVisible = 0;
			defaultConfigurationName = Release;
		};
		FC5C77D222C5FD8800712C32 /* Build configuration list for PBXNativeTarget "TripHuntersTests" */ = {
			isa = XCConfigurationList;
			buildConfigurations = (
				FC5C77D322C5FD8800712C32 /* Debug */,
				FC5C77D422C5FD8800712C32 /* Release */,
			);
			defaultConfigurationIsVisible = 0;
			defaultConfigurationName = Release;
		};
		FC5C77D522C5FD8800712C32 /* Build configuration list for PBXNativeTarget "TripHuntersUITests" */ = {
			isa = XCConfigurationList;
			buildConfigurations = (
				FC5C77D622C5FD8800712C32 /* Debug */,
				FC5C77D722C5FD8800712C32 /* Release */,
			);
			defaultConfigurationIsVisible = 0;
			defaultConfigurationName = Release;
		};
/* End XCConfigurationList section */
	};
	rootObject = FC5C779F22C5FD8800712C32 /* Project object */;
}
